github.com/PacktPublishing/Network-Automation-with-Go/ch01/ping v0.0.0-20211002171043-8577f52dc358 h1:iyhcAWuxH6pj4peW9RuVsMoPp3q3cixCxIPmz6FdrdM=
github.com/PacktPublishing/Network-Automation-with-Go/ch01/ping v0.0.0-20211002171043-8577f52dc358/go.mod h1:i3u1RTNepasVVnUaVmOB1YF/hmR3A0pcr9/FmgK1QRM=
