github.com/PacktPublishing/Network-Automation-with-Go/ch02/ping v0.0.0-20220223164119-35dac657c888 h1:7Ksreld+WYStdHKNfPLT/E9KwdSxgfdqV12zUZ5Yohw=
github.com/PacktPublishing/Network-Automation-with-Go/ch02/ping v0.0.0-20220223164119-35dac657c888/go.mod h1:bwRjyQdnuKDT6d86kITCTP/mQGje7F0NPRBRwY8lux0=
