github.com/PacktPublishing/Network-Automation-with-Go/ch02/ping v0.0.0-20220223160906-ec549c40fee0 h1:vFRsR4n2EGKiAh4t9ctQduwfMhhkgV++78iAikzmN1s=
github.com/PacktPublishing/Network-Automation-with-Go/ch02/ping v0.0.0-20220223160906-ec549c40fee0/go.mod h1:bwRjyQdnuKDT6d86kITCTP/mQGje7F0NPRBRwY8lux0=
