github.com/PacktPublishing/Network-Automation-with-Go/ch02/ping v0.0.0-20220223180011-2e4e63479343 h1:1QbSMKBYv7Fm4ti7VCo4kSjfxnX3K9hzk+J8ti8ZMp0=
github.com/PacktPublishing/Network-Automation-with-Go/ch02/ping v0.0.0-20220223180011-2e4e63479343/go.mod h1:bwRjyQdnuKDT6d86kITCTP/mQGje7F0NPRBRwY8lux0=
